
Microsoft Visual Studio Solution File, Format Version 12.00
# Visual Studio 2012
Project("{FAE04EC0-301F-11D3-BF4B-00C04F79EFBC}") = "P2", "P2\P2.csproj", "{18659613-9EA3-4573-90F4-03079978450F}"
EndProject
Global
	GlobalSection(SolutionConfigurationPlatforms) = preSolution
		Debug|Any CPU = Debug|Any CPU
		Release|Any CPU = Release|Any CPU
	EndGlobalSection
	GlobalSection(ProjectConfigurationPlatforms) = postSolution
		{18659613-9EA3-4573-90F4-03079978450F}.Debug|Any CPU.ActiveCfg = Debug|Any CPU
		{18659613-9EA3-4573-90F4-03079978450F}.Debug|Any CPU.Build.0 = Debug|Any CPU
		{18659613-9EA3-4573-90F4-03079978450F}.Release|Any CPU.ActiveCfg = Release|Any CPU
		{18659613-9EA3-4573-90F4-03079978450F}.Release|Any CPU.Build.0 = Release|Any CPU
	EndGlobalSection
	GlobalSection(SolutionProperties) = preSolution
		HideSolutionNode = FALSE
	EndGlobalSection
EndGlobal
